
Microsoft Visual Studio Solution File, Format Version 12.00
# Visual Studio Version 16
VisualStudioVersion = 16.0.30907.101
MinimumVisualStudioVersion = 10.0.40219.1
Project("{9A19103F-16F7-4668-BE54-9A1E7A4F7556}") = "MyApp.Web", "MyApp.Web\MyApp.Web.csproj", "{93572433-1965-431B-9124-610268BA9640}"
EndProject
Project("{9A19103F-16F7-4668-BE54-9A1E7A4F7556}") = "MyApp.Dynamics", "MyApp.Dynamics\MyApp.Dynamics.csproj", "{4667937D-D506-4E19-929F-57BE6BBBA600}"
EndProject
Project("{9A19103F-16F7-4668-BE54-9A1E7A4F7556}") = "MyApp.Pages", "MyApp.Pages\MyApp.Pages.csproj", "{EEA5C197-574C-4BB5-A33D-B43159FEAD3B}"
EndProject
Global
	GlobalSection(SolutionConfigurationPlatforms) = preSolution
		Debug|Any CPU = Debug|Any CPU
		Release|Any CPU = Release|Any CPU
	EndGlobalSection
	GlobalSection(ProjectConfigurationPlatforms) = postSolution
		{93572433-1965-431B-9124-610268BA9640}.Debug|Any CPU.ActiveCfg = Debug|Any CPU
		{93572433-1965-431B-9124-610268BA9640}.Debug|Any CPU.Build.0 = Debug|Any CPU
		{93572433-1965-431B-9124-610268BA9640}.Release|Any CPU.ActiveCfg = Release|Any CPU
		{93572433-1965-431B-9124-610268BA9640}.Release|Any CPU.Build.0 = Release|Any CPU
		{4667937D-D506-4E19-929F-57BE6BBBA600}.Debug|Any CPU.ActiveCfg = Debug|Any CPU
		{4667937D-D506-4E19-929F-57BE6BBBA600}.Debug|Any CPU.Build.0 = Debug|Any CPU
		{4667937D-D506-4E19-929F-57BE6BBBA600}.Release|Any CPU.ActiveCfg = Release|Any CPU
		{4667937D-D506-4E19-929F-57BE6BBBA600}.Release|Any CPU.Build.0 = Release|Any CPU
		{EEA5C197-574C-4BB5-A33D-B43159FEAD3B}.Debug|Any CPU.ActiveCfg = Debug|Any CPU
		{EEA5C197-574C-4BB5-A33D-B43159FEAD3B}.Debug|Any CPU.Build.0 = Debug|Any CPU
		{EEA5C197-574C-4BB5-A33D-B43159FEAD3B}.Release|Any CPU.ActiveCfg = Release|Any CPU
		{EEA5C197-574C-4BB5-A33D-B43159FEAD3B}.Release|Any CPU.Build.0 = Release|Any CPU
	EndGlobalSection
	GlobalSection(SolutionProperties) = preSolution
		HideSolutionNode = FALSE
	EndGlobalSection
	GlobalSection(ExtensibilityGlobals) = postSolution
		SolutionGuid = {B2FA42E9-22B7-4F5D-8176-1BA1F1CA5398}
	EndGlobalSection
EndGlobal
